// !$*UTF8*$!
{
	archiveVersion = 1;
	classes = {
	};
	objectVersion = 50;
	objects = {

/* Begin PBXBuildFile section */
		F2B348F525276F5900FAEBA6 /* Networking.h in Headers */ = {isa = PBXBuildFile; fileRef = F2B348F325276F5900FAEBA6 /* Networking.h */; settings = {ATTRIBUTES = (Public, ); }; };
		F2B3490125276FA400FAEBA6 /* AppError.swift in Sources */ = {isa = PBXBuildFile; fileRef = F2B348FC25276FA400FAEBA6 /* AppError.swift */; };
		F2B3490225276FA400FAEBA6 /* NetworkRequestConstructor.swift in Sources */ = {isa = PBXBuildFile; fileRef = F2B348FD25276FA400FAEBA6 /* NetworkRequestConstructor.swift */; };
		F2B3490325276FA400FAEBA6 /* NetworkRequestExecuter.swift in Sources */ = {isa = PBXBuildFile; fileRef = F2B348FE25276FA400FAEBA6 /* NetworkRequestExecuter.swift */; };
		F2B3490425276FA400FAEBA6 /* ResponseCacher.swift in Sources */ = {isa = PBXBuildFile; fileRef = F2B348FF25276FA400FAEBA6 /* ResponseCacher.swift */; };
		F2B3490525276FA400FAEBA6 /* NetworkRequestDataProvider.swift in Sources */ = {isa = PBXBuildFile; fileRef = F2B3490025276FA400FAEBA6 /* NetworkRequestDataProvider.swift */; };
		F2B3490D25276FBB00FAEBA6 /* NetworkingTests.swift in Sources */ = {isa = PBXBuildFile; fileRef = F2B3490C25276FBB00FAEBA6 /* NetworkingTests.swift */; };
		F2B3490F25276FBB00FAEBA6 /* Networking.framework in Frameworks */ = {isa = PBXBuildFile; fileRef = F2B348F025276F5900FAEBA6 /* Networking.framework */; };
		F2B3491D25276FEF00FAEBA6 /* StubDecoder.swift in Sources */ = {isa = PBXBuildFile; fileRef = F2B3491725276FEF00FAEBA6 /* StubDecoder.swift */; };
		F2B3491E25276FEF00FAEBA6 /* StubRequestFetcher.swift in Sources */ = {isa = PBXBuildFile; fileRef = F2B3491825276FEF00FAEBA6 /* StubRequestFetcher.swift */; };
		F2B3491F25276FEF00FAEBA6 /* StubNetworkServiceError.swift in Sources */ = {isa = PBXBuildFile; fileRef = F2B3491925276FEF00FAEBA6 /* StubNetworkServiceError.swift */; };
		F2B3492025276FEF00FAEBA6 /* NetworkServiceStubModal.swift in Sources */ = {isa = PBXBuildFile; fileRef = F2B3491A25276FEF00FAEBA6 /* NetworkServiceStubModal.swift */; };
		F2B3492125276FEF00FAEBA6 /* RequestBuilderTests.swift in Sources */ = {isa = PBXBuildFile; fileRef = F2B3491B25276FEF00FAEBA6 /* RequestBuilderTests.swift */; };
		F2B3492225276FEF00FAEBA6 /* NetworkServiceTests.swift in Sources */ = {isa = PBXBuildFile; fileRef = F2B3491C25276FEF00FAEBA6 /* NetworkServiceTests.swift */; };
/* End PBXBuildFile section */

/* Begin PBXContainerItemProxy section */
		F2B3491025276FBB00FAEBA6 /* PBXContainerItemProxy */ = {
			isa = PBXContainerItemProxy;
			containerPortal = F2B348E725276F5900FAEBA6 /* Project object */;
			proxyType = 1;
			remoteGlobalIDString = F2B348EF25276F5900FAEBA6;
			remoteInfo = Networking;
		};
/* End PBXContainerItemProxy section */

/* Begin PBXFileReference section */
		F2B348F025276F5900FAEBA6 /* Networking.framework */ = {isa = PBXFileReference; explicitFileType = wrapper.framework; includeInIndex = 0; path = Networking.framework; sourceTree = BUILT_PRODUCTS_DIR; };
		F2B348F325276F5900FAEBA6 /* Networking.h */ = {isa = PBXFileReference; lastKnownFileType = sourcecode.c.h; path = Networking.h; sourceTree = "<group>"; };
		F2B348F425276F5900FAEBA6 /* Info.plist */ = {isa = PBXFileReference; lastKnownFileType = text.plist.xml; path = Info.plist; sourceTree = "<group>"; };
		F2B348FC25276FA400FAEBA6 /* AppError.swift */ = {isa = PBXFileReference; fileEncoding = 4; lastKnownFileType = sourcecode.swift; path = AppError.swift; sourceTree = "<group>"; };
		F2B348FD25276FA400FAEBA6 /* NetworkRequestConstructor.swift */ = {isa = PBXFileReference; fileEncoding = 4; lastKnownFileType = sourcecode.swift; path = NetworkRequestConstructor.swift; sourceTree = "<group>"; };
		F2B348FE25276FA400FAEBA6 /* NetworkRequestExecuter.swift */ = {isa = PBXFileReference; fileEncoding = 4; lastKnownFileType = sourcecode.swift; path = NetworkRequestExecuter.swift; sourceTree = "<group>"; };
		F2B348FF25276FA400FAEBA6 /* ResponseCacher.swift */ = {isa = PBXFileReference; fileEncoding = 4; lastKnownFileType = sourcecode.swift; path = ResponseCacher.swift; sourceTree = "<group>"; };
		F2B3490025276FA400FAEBA6 /* NetworkRequestDataProvider.swift */ = {isa = PBXFileReference; fileEncoding = 4; lastKnownFileType = sourcecode.swift; path = NetworkRequestDataProvider.swift; sourceTree = "<group>"; };
		F2B3490A25276FBB00FAEBA6 /* NetworkingTests.xctest */ = {isa = PBXFileReference; explicitFileType = wrapper.cfbundle; includeInIndex = 0; path = NetworkingTests.xctest; sourceTree = BUILT_PRODUCTS_DIR; };
		F2B3490C25276FBB00FAEBA6 /* NetworkingTests.swift */ = {isa = PBXFileReference; lastKnownFileType = sourcecode.swift; path = NetworkingTests.swift; sourceTree = "<group>"; };
		F2B3490E25276FBB00FAEBA6 /* Info.plist */ = {isa = PBXFileReference; lastKnownFileType = text.plist.xml; path = Info.plist; sourceTree = "<group>"; };
		F2B3491725276FEF00FAEBA6 /* StubDecoder.swift */ = {isa = PBXFileReference; fileEncoding = 4; lastKnownFileType = sourcecode.swift; path = StubDecoder.swift; sourceTree = "<group>"; };
		F2B3491825276FEF00FAEBA6 /* StubRequestFetcher.swift */ = {isa = PBXFileReference; fileEncoding = 4; lastKnownFileType = sourcecode.swift; path = StubRequestFetcher.swift; sourceTree = "<group>"; };
		F2B3491925276FEF00FAEBA6 /* StubNetworkServiceError.swift */ = {isa = PBXFileReference; fileEncoding = 4; lastKnownFileType = sourcecode.swift; path = StubNetworkServiceError.swift; sourceTree = "<group>"; };
		F2B3491A25276FEF00FAEBA6 /* NetworkServiceStubModal.swift */ = {isa = PBXFileReference; fileEncoding = 4; lastKnownFileType = sourcecode.swift; path = NetworkServiceStubModal.swift; sourceTree = "<group>"; };
		F2B3491B25276FEF00FAEBA6 /* RequestBuilderTests.swift */ = {isa = PBXFileReference; fileEncoding = 4; lastKnownFileType = sourcecode.swift; path = RequestBuilderTests.swift; sourceTree = "<group>"; };
		F2B3491C25276FEF00FAEBA6 /* NetworkServiceTests.swift */ = {isa = PBXFileReference; fileEncoding = 4; lastKnownFileType = sourcecode.swift; path = NetworkServiceTests.swift; sourceTree = "<group>"; };
/* End PBXFileReference section */

/* Begin PBXFrameworksBuildPhase section */
		F2B348ED25276F5900FAEBA6 /* Frameworks */ = {
			isa = PBXFrameworksBuildPhase;
			buildActionMask = 2147483647;
			files = (
			);
			runOnlyForDeploymentPostprocessing = 0;
		};
		F2B3490725276FBB00FAEBA6 /* Frameworks */ = {
			isa = PBXFrameworksBuildPhase;
			buildActionMask = 2147483647;
			files = (
				F2B3490F25276FBB00FAEBA6 /* Networking.framework in Frameworks */,
			);
			runOnlyForDeploymentPostprocessing = 0;
		};
/* End PBXFrameworksBuildPhase section */

/* Begin PBXGroup section */
		F2B348E625276F5900FAEBA6 = {
			isa = PBXGroup;
			children = (
				F2B348F225276F5900FAEBA6 /* Networking */,
				F2B3490B25276FBB00FAEBA6 /* NetworkingTests */,
				F2B348F125276F5900FAEBA6 /* Products */,
			);
			sourceTree = "<group>";
		};
		F2B348F125276F5900FAEBA6 /* Products */ = {
			isa = PBXGroup;
			children = (
				F2B348F025276F5900FAEBA6 /* Networking.framework */,
				F2B3490A25276FBB00FAEBA6 /* NetworkingTests.xctest */,
			);
			name = Products;
			sourceTree = "<group>";
		};
		F2B348F225276F5900FAEBA6 /* Networking */ = {
			isa = PBXGroup;
			children = (
				F2B348FB25276FA400FAEBA6 /* Network */,
				F2B348F325276F5900FAEBA6 /* Networking.h */,
				F2B348F425276F5900FAEBA6 /* Info.plist */,
			);
			path = Networking;
			sourceTree = "<group>";
		};
		F2B348FB25276FA400FAEBA6 /* Network */ = {
			isa = PBXGroup;
			children = (
				F2B348FC25276FA400FAEBA6 /* AppError.swift */,
				F2B348FD25276FA400FAEBA6 /* NetworkRequestConstructor.swift */,
				F2B348FE25276FA400FAEBA6 /* NetworkRequestExecuter.swift */,
				F2B348FF25276FA400FAEBA6 /* ResponseCacher.swift */,
				F2B3490025276FA400FAEBA6 /* NetworkRequestDataProvider.swift */,
			);
			path = Network;
			sourceTree = "<group>";
		};
		F2B3490B25276FBB00FAEBA6 /* NetworkingTests */ = {
			isa = PBXGroup;
			children = (
				F2B3491525276FEF00FAEBA6 /* NetworkService */,
				F2B3490C25276FBB00FAEBA6 /* NetworkingTests.swift */,
				F2B3490E25276FBB00FAEBA6 /* Info.plist */,
			);
			path = NetworkingTests;
			sourceTree = "<group>";
		};
		F2B3491525276FEF00FAEBA6 /* NetworkService */ = {
			isa = PBXGroup;
			children = (
				F2B3491625276FEF00FAEBA6 /* NetworkServiceStubs */,
				F2B3491B25276FEF00FAEBA6 /* RequestBuilderTests.swift */,
				F2B3491C25276FEF00FAEBA6 /* NetworkServiceTests.swift */,
			);
			path = NetworkService;
			sourceTree = "<group>";
		};
		F2B3491625276FEF00FAEBA6 /* NetworkServiceStubs */ = {
			isa = PBXGroup;
			children = (
				F2B3491725276FEF00FAEBA6 /* StubDecoder.swift */,
				F2B3491825276FEF00FAEBA6 /* StubRequestFetcher.swift */,
				F2B3491925276FEF00FAEBA6 /* StubNetworkServiceError.swift */,
				F2B3491A25276FEF00FAEBA6 /* NetworkServiceStubModal.swift */,
			);
			path = NetworkServiceStubs;
			sourceTree = "<group>";
		};
/* End PBXGroup section */

/* Begin PBXHeadersBuildPhase section */
		F2B348EB25276F5900FAEBA6 /* Headers */ = {
			isa = PBXHeadersBuildPhase;
			buildActionMask = 2147483647;
			files = (
				F2B348F525276F5900FAEBA6 /* Networking.h in Headers */,
			);
			runOnlyForDeploymentPostprocessing = 0;
		};
/* End PBXHeadersBuildPhase section */

/* Begin PBXNativeTarget section */
		F2B348EF25276F5900FAEBA6 /* Networking */ = {
			isa = PBXNativeTarget;
			buildConfigurationList = F2B348F825276F5900FAEBA6 /* Build configuration list for PBXNativeTarget "Networking" */;
			buildPhases = (
				F2B348EB25276F5900FAEBA6 /* Headers */,
				F2B348EC25276F5900FAEBA6 /* Sources */,
				F2B348ED25276F5900FAEBA6 /* Frameworks */,
				F2B348EE25276F5900FAEBA6 /* Resources */,
			);
			buildRules = (
			);
			dependencies = (
			);
			name = Networking;
			productName = Networking;
			productReference = F2B348F025276F5900FAEBA6 /* Networking.framework */;
			productType = "com.apple.product-type.framework";
		};
		F2B3490925276FBB00FAEBA6 /* NetworkingTests */ = {
			isa = PBXNativeTarget;
			buildConfigurationList = F2B3491225276FBB00FAEBA6 /* Build configuration list for PBXNativeTarget "NetworkingTests" */;
			buildPhases = (
				F2B3490625276FBB00FAEBA6 /* Sources */,
				F2B3490725276FBB00FAEBA6 /* Frameworks */,
				F2B3490825276FBB00FAEBA6 /* Resources */,
			);
			buildRules = (
			);
			dependencies = (
				F2B3491125276FBB00FAEBA6 /* PBXTargetDependency */,
			);
			name = NetworkingTests;
			productName = NetworkingTests;
			productReference = F2B3490A25276FBB00FAEBA6 /* NetworkingTests.xctest */;
			productType = "com.apple.product-type.bundle.unit-test";
		};
/* End PBXNativeTarget section */

/* Begin PBXProject section */
		F2B348E725276F5900FAEBA6 /* Project object */ = {
			isa = PBXProject;
			attributes = {
				LastSwiftUpdateCheck = 1150;
				LastUpgradeCheck = 1150;
				ORGANIZATIONNAME = "Shailesh Aher";
				TargetAttributes = {
					F2B348EF25276F5900FAEBA6 = {
						CreatedOnToolsVersion = 11.5;
					};
					F2B3490925276FBB00FAEBA6 = {
						CreatedOnToolsVersion = 11.5;
					};
				};
			};
			buildConfigurationList = F2B348EA25276F5900FAEBA6 /* Build configuration list for PBXProject "Networking" */;
			compatibilityVersion = "Xcode 9.3";
			developmentRegion = en;
			hasScannedForEncodings = 0;
			knownRegions = (
				en,
				Base,
			);
			mainGroup = F2B348E625276F5900FAEBA6;
			productRefGroup = F2B348F125276F5900FAEBA6 /* Products */;
			projectDirPath = "";
			projectRoot = "";
			targets = (
				F2B348EF25276F5900FAEBA6 /* Networking */,
				F2B3490925276FBB00FAEBA6 /* NetworkingTests */,
			);
		};
/* End PBXProject section */

/* Begin PBXResourcesBuildPhase section */
		F2B348EE25276F5900FAEBA6 /* Resources */ = {
			isa = PBXResourcesBuildPhase;
			buildActionMask = 2147483647;
			files = (
			);
			runOnlyForDeploymentPostprocessing = 0;
		};
		F2B3490825276FBB00FAEBA6 /* Resources */ = {
			isa = PBXResourcesBuildPhase;
			buildActionMask = 2147483647;
			files = (
			);
			runOnlyForDeploymentPostprocessing = 0;
		};
/* End PBXResourcesBuildPhase section */

/* Begin PBXSourcesBuildPhase section */
		F2B348EC25276F5900FAEBA6 /* Sources */ = {
			isa = PBXSourcesBuildPhase;
			buildActionMask = 2147483647;
			files = (
				F2B3490425276FA400FAEBA6 /* ResponseCacher.swift in Sources */,
				F2B3490125276FA400FAEBA6 /* AppError.swift in Sources */,
				F2B3490325276FA400FAEBA6 /* NetworkRequestExecuter.swift in Sources */,
				F2B3490525276FA400FAEBA6 /* NetworkRequestDataProvider.swift in Sources */,
				F2B3490225276FA400FAEBA6 /* NetworkRequestConstructor.swift in Sources */,
			);
			runOnlyForDeploymentPostprocessing = 0;
		};
		F2B3490625276FBB00FAEBA6 /* Sources */ = {
			isa = PBXSourcesBuildPhase;
			buildActionMask = 2147483647;
			files = (
				F2B3491D25276FEF00FAEBA6 /* StubDecoder.swift in Sources */,
				F2B3492225276FEF00FAEBA6 /* NetworkServiceTests.swift in Sources */,
				F2B3490D25276FBB00FAEBA6 /* NetworkingTests.swift in Sources */,
				F2B3491E25276FEF00FAEBA6 /* StubRequestFetcher.swift in Sources */,
				F2B3492125276FEF00FAEBA6 /* RequestBuilderTests.swift in Sources */,
				F2B3491F25276FEF00FAEBA6 /* StubNetworkServiceError.swift in Sources */,
				F2B3492025276FEF00FAEBA6 /* NetworkServiceStubModal.swift in Sources */,
			);
			runOnlyForDeploymentPostprocessing = 0;
		};
/* End PBXSourcesBuildPhase section */

/* Begin PBXTargetDependency section */
		F2B3491125276FBB00FAEBA6 /* PBXTargetDependency */ = {
			isa = PBXTargetDependency;
			target = F2B348EF25276F5900FAEBA6 /* Networking */;
			targetProxy = F2B3491025276FBB00FAEBA6 /* PBXContainerItemProxy */;
		};
/* End PBXTargetDependency section */

/* Begin XCBuildConfiguration section */
		F2B348F625276F5900FAEBA6 /* Debug */ = {
			isa = XCBuildConfiguration;
			buildSettings = {
				ALWAYS_SEARCH_USER_PATHS = NO;
				CLANG_ANALYZER_NONNULL = YES;
				CLANG_ANALYZER_NUMBER_OBJECT_CONVERSION = YES_AGGRESSIVE;
				CLANG_CXX_LANGUAGE_STANDARD = "gnu++14";
				CLANG_CXX_LIBRARY = "libc++";
				CLANG_ENABLE_MODULES = YES;
				CLANG_ENABLE_OBJC_ARC = YES;
				CLANG_ENABLE_OBJC_WEAK = YES;
				CLANG_WARN_BLOCK_CAPTURE_AUTORELEASING = YES;
				CLANG_WARN_BOOL_CONVERSION = YES;
				CLANG_WARN_COMMA = YES;
				CLANG_WARN_CONSTANT_CONVERSION = YES;
				CLANG_WARN_DEPRECATED_OBJC_IMPLEMENTATIONS = YES;
				CLANG_WARN_DIRECT_OBJC_ISA_USAGE = YES_ERROR;
				CLANG_WARN_DOCUMENTATION_COMMENTS = YES;
				CLANG_WARN_EMPTY_BODY = YES;
				CLANG_WARN_ENUM_CONVERSION = YES;
				CLANG_WARN_INFINITE_RECURSION = YES;
				CLANG_WARN_INT_CONVERSION = YES;
				CLANG_WARN_NON_LITERAL_NULL_CONVERSION = YES;
				CLANG_WARN_OBJC_IMPLICIT_RETAIN_SELF = YES;
				CLANG_WARN_OBJC_LITERAL_CONVERSION = YES;
				CLANG_WARN_OBJC_ROOT_CLASS = YES_ERROR;
				CLANG_WARN_RANGE_LOOP_ANALYSIS = YES;
				CLANG_WARN_STRICT_PROTOTYPES = YES;
				CLANG_WARN_SUSPICIOUS_MOVE = YES;
				CLANG_WARN_UNGUARDED_AVAILABILITY = YES_AGGRESSIVE;
				CLANG_WARN_UNREACHABLE_CODE = YES;
				CLANG_WARN__DUPLICATE_METHOD_MATCH = YES;
				COPY_PHASE_STRIP = NO;
				CURRENT_PROJECT_VERSION = 1;
				DEBUG_INFORMATION_FORMAT = dwarf;
				ENABLE_STRICT_OBJC_MSGSEND = YES;
				ENABLE_TESTABILITY = YES;
				GCC_C_LANGUAGE_STANDARD = gnu11;
				GCC_DYNAMIC_NO_PIC = NO;
				GCC_NO_COMMON_BLOCKS = YES;
				GCC_OPTIMIZATION_LEVEL = 0;
				GCC_PREPROCESSOR_DEFINITIONS = (
					"DEBUG=1",
					"$(inherited)",
				);
				GCC_WARN_64_TO_32_BIT_CONVERSION = YES;
				GCC_WARN_ABOUT_RETURN_TYPE = YES_ERROR;
				GCC_WARN_UNDECLARED_SELECTOR = YES;
				GCC_WARN_UNINITIALIZED_AUTOS = YES_AGGRESSIVE;
				GCC_WARN_UNUSED_FUNCTION = YES;
				GCC_WARN_UNUSED_VARIABLE = YES;
				IPHONEOS_DEPLOYMENT_TARGET = 13.5;
				MTL_ENABLE_DEBUG_INFO = INCLUDE_SOURCE;
				MTL_FAST_MATH = YES;
				ONLY_ACTIVE_ARCH = YES;
				SDKROOT = iphoneos;
				SWIFT_ACTIVE_COMPILATION_CONDITIONS = DEBUG;
				SWIFT_OPTIMIZATION_LEVEL = "-Onone";
				VERSIONING_SYSTEM = "apple-generic";
				VERSION_INFO_PREFIX = "";
			};
			name = Debug;
		};
		F2B348F725276F5900FAEBA6 /* Release */ = {
			isa = XCBuildConfiguration;
			buildSettings = {
				ALWAYS_SEARCH_USER_PATHS = NO;
				CLANG_ANALYZER_NONNULL = YES;
				CLANG_ANALYZER_NUMBER_OBJECT_CONVERSION = YES_AGGRESSIVE;
				CLANG_CXX_LANGUAGE_STANDARD = "gnu++14";
				CLANG_CXX_LIBRARY = "libc++";
				CLANG_ENABLE_MODULES = YES;
				CLANG_ENABLE_OBJC_ARC = YES;
				CLANG_ENABLE_OBJC_WEAK = YES;
				CLANG_WARN_BLOCK_CAPTURE_AUTORELEASING = YES;
				CLANG_WARN_BOOL_CONVERSION = YES;
				CLANG_WARN_COMMA = YES;
				CLANG_WARN_CONSTANT_CONVERSION = YES;
				CLANG_WARN_DEPRECATED_OBJC_IMPLEMENTATIONS = YES;
				CLANG_WARN_DIRECT_OBJC_ISA_USAGE = YES_ERROR;
				CLANG_WARN_DOCUMENTATION_COMMENTS = YES;
				CLANG_WARN_EMPTY_BODY = YES;
				CLANG_WARN_ENUM_CONVERSION = YES;
				CLANG_WARN_INFINITE_RECURSION = YES;
				CLANG_WARN_INT_CONVERSION = YES;
				CLANG_WARN_NON_LITERAL_NULL_CONVERSION = YES;
				CLANG_WARN_OBJC_IMPLICIT_RETAIN_SELF = YES;
				CLANG_WARN_OBJC_LITERAL_CONVERSION = YES;
				CLANG_WARN_OBJC_ROOT_CLASS = YES_ERROR;
				CLANG_WARN_RANGE_LOOP_ANALYSIS = YES;
				CLANG_WARN_STRICT_PROTOTYPES = YES;
				CLANG_WARN_SUSPICIOUS_MOVE = YES;
				CLANG_WARN_UNGUARDED_AVAILABILITY = YES_AGGRESSIVE;
				CLANG_WARN_UNREACHABLE_CODE = YES;
				CLANG_WARN__DUPLICATE_METHOD_MATCH = YES;
				COPY_PHASE_STRIP = NO;
				CURRENT_PROJECT_VERSION = 1;
				DEBUG_INFORMATION_FORMAT = "dwarf-with-dsym";
				ENABLE_NS_ASSERTIONS = NO;
				ENABLE_STRICT_OBJC_MSGSEND = YES;
				GCC_C_LANGUAGE_STANDARD = gnu11;
				GCC_NO_COMMON_BLOCKS = YES;
				GCC_WARN_64_TO_32_BIT_CONVERSION = YES;
				GCC_WARN_ABOUT_RETURN_TYPE = YES_ERROR;
				GCC_WARN_UNDECLARED_SELECTOR = YES;
				GCC_WARN_UNINITIALIZED_AUTOS = YES_AGGRESSIVE;
				GCC_WARN_UNUSED_FUNCTION = YES;
				GCC_WARN_UNUSED_VARIABLE = YES;
				IPHONEOS_DEPLOYMENT_TARGET = 13.5;
				MTL_ENABLE_DEBUG_INFO = NO;
				MTL_FAST_MATH = YES;
				SDKROOT = iphoneos;
				SWIFT_COMPILATION_MODE = wholemodule;
				SWIFT_OPTIMIZATION_LEVEL = "-O";
				VALIDATE_PRODUCT = YES;
				VERSIONING_SYSTEM = "apple-generic";
				VERSION_INFO_PREFIX = "";
			};
			name = Release;
		};
		F2B348F925276F5900FAEBA6 /* Debug */ = {
			isa = XCBuildConfiguration;
			buildSettings = {
				CODE_SIGN_STYLE = Automatic;
				DEFINES_MODULE = YES;
				DEVELOPMENT_TEAM = UFPXYFK948;
				DYLIB_COMPATIBILITY_VERSION = 1;
				DYLIB_CURRENT_VERSION = 1;
				DYLIB_INSTALL_NAME_BASE = "@rpath";
				INFOPLIST_FILE = Networking/Info.plist;
				INSTALL_PATH = "$(LOCAL_LIBRARY_DIR)/Frameworks";
				LD_RUNPATH_SEARCH_PATHS = (
					"$(inherited)",
					"@executable_path/Frameworks",
					"@loader_path/Frameworks",
				);
				PRODUCT_BUNDLE_IDENTIFIER = com.shailesh.aher.Networking;
				PRODUCT_NAME = "$(TARGET_NAME:c99extidentifier)";
				SKIP_INSTALL = YES;
				SWIFT_VERSION = 5.0;
				TARGETED_DEVICE_FAMILY = "1,2";
			};
			name = Debug;
		};
		F2B348FA25276F5900FAEBA6 /* Release */ = {
			isa = XCBuildConfiguration;
			buildSettings = {
				CODE_SIGN_STYLE = Automatic;
				DEFINES_MODULE = YES;
				DEVELOPMENT_TEAM = UFPXYFK948;
				DYLIB_COMPATIBILITY_VERSION = 1;
				DYLIB_CURRENT_VERSION = 1;
				DYLIB_INSTALL_NAME_BASE = "@rpath";
				INFOPLIST_FILE = Networking/Info.plist;
				INSTALL_PATH = "$(LOCAL_LIBRARY_DIR)/Frameworks";
				LD_RUNPATH_SEARCH_PATHS = (
					"$(inherited)",
					"@executable_path/Frameworks",
					"@loader_path/Frameworks",
				);
				PRODUCT_BUNDLE_IDENTIFIER = com.shailesh.aher.Networking;
				PRODUCT_NAME = "$(TARGET_NAME:c99extidentifier)";
				SKIP_INSTALL = YES;
				SWIFT_VERSION = 5.0;
				TARGETED_DEVICE_FAMILY = "1,2";
			};
			name = Release;
		};
		F2B3491325276FBB00FAEBA6 /* Debug */ = {
			isa = XCBuildConfiguration;
			buildSettings = {
				CODE_SIGN_STYLE = Automatic;
				DEVELOPMENT_TEAM = UFPXYFK948;
				INFOPLIST_FILE = NetworkingTests/Info.plist;
				LD_RUNPATH_SEARCH_PATHS = (
					"$(inherited)",
					"@executable_path/Frameworks",
					"@loader_path/Frameworks",
				);
				PRODUCT_BUNDLE_IDENTIFIER = com.shailesh.aher.NetworkingTests;
				PRODUCT_NAME = "$(TARGET_NAME)";
				SWIFT_VERSION = 5.0;
				TARGETED_DEVICE_FAMILY = "1,2";
			};
			name = Debug;
		};
		F2B3491425276FBB00FAEBA6 /* Release */ = {
			isa = XCBuildConfiguration;
			buildSettings = {
				CODE_SIGN_STYLE = Automatic;
				DEVELOPMENT_TEAM = UFPXYFK948;
				INFOPLIST_FILE = NetworkingTests/Info.plist;
				LD_RUNPATH_SEARCH_PATHS = (
					"$(inherited)",
					"@executable_path/Frameworks",
					"@loader_path/Frameworks",
				);
				PRODUCT_BUNDLE_IDENTIFIER = com.shailesh.aher.NetworkingTests;
				PRODUCT_NAME = "$(TARGET_NAME)";
				SWIFT_VERSION = 5.0;
				TARGETED_DEVICE_FAMILY = "1,2";
			};
			name = Release;
		};
/* End XCBuildConfiguration section */

/* Begin XCConfigurationList section */
		F2B348EA25276F5900FAEBA6 /* Build configuration list for PBXProject "Networking" */ = {
			isa = XCConfigurationList;
			buildConfigurations = (
				F2B348F625276F5900FAEBA6 /* Debug */,
				F2B348F725276F5900FAEBA6 /* Release */,
			);
			defaultConfigurationIsVisible = 0;
			defaultConfigurationName = Release;
		};
		F2B348F825276F5900FAEBA6 /* Build configuration list for PBXNativeTarget "Networking" */ = {
			isa = XCConfigurationList;
			buildConfigurations = (
				F2B348F925276F5900FAEBA6 /* Debug */,
				F2B348FA25276F5900FAEBA6 /* Release */,
			);
			defaultConfigurationIsVisible = 0;
			defaultConfigurationName = Release;
		};
		F2B3491225276FBB00FAEBA6 /* Build configuration list for PBXNativeTarget "NetworkingTests" */ = {
			isa = XCConfigurationList;
			buildConfigurations = (
				F2B3491325276FBB00FAEBA6 /* Debug */,
				F2B3491425276FBB00FAEBA6 /* Release */,
			);
			defaultConfigurationIsVisible = 0;
			defaultConfigurationName = Release;
		};
/* End XCConfigurationList section */
	};
	rootObject = F2B348E725276F5900FAEBA6 /* Project object */;
}
